
Microsoft Visual Studio Solution File, Format Version 12.00
# Visual Studio Version 17
VisualStudioVersion = 17.1.32328.378
MinimumVisualStudioVersion = 10.0.40219.1
Project("{FAE04EC0-301F-11D3-BF4B-00C04F79EFBC}") = "SwedishPassportFormChecker.Console", "src\SwedishPassportFormChecker.Console\SwedishPassportFormChecker.Console.csproj", "{9E3AA133-E664-4B2E-BA8E-30395294CFCD}"
EndProject
Global
	GlobalSection(SolutionConfigurationPlatforms) = preSolution
		Debug|Any CPU = Debug|Any CPU
		Release|Any CPU = Release|Any CPU
	EndGlobalSection
	GlobalSection(ProjectConfigurationPlatforms) = postSolution
		{9E3AA133-E664-4B2E-BA8E-30395294CFCD}.Debug|Any CPU.ActiveCfg = Debug|Any CPU
		{9E3AA133-E664-4B2E-BA8E-30395294CFCD}.Debug|Any CPU.Build.0 = Debug|Any CPU
		{9E3AA133-E664-4B2E-BA8E-30395294CFCD}.Release|Any CPU.ActiveCfg = Release|Any CPU
		{9E3AA133-E664-4B2E-BA8E-30395294CFCD}.Release|Any CPU.Build.0 = Release|Any CPU
	EndGlobalSection
	GlobalSection(SolutionProperties) = preSolution
		HideSolutionNode = FALSE
	EndGlobalSection
	GlobalSection(ExtensibilityGlobals) = postSolution
		SolutionGuid = {C379AEF0-213D-4443-9E02-8D7E36AC2F1A}
	EndGlobalSection
EndGlobal
